
Microsoft Visual Studio Solution File, Format Version 12.00
# Visual Studio 2013
VisualStudioVersion = 12.0.21005.1
MinimumVisualStudioVersion = 10.0.40219.1
Project("{FAE04EC0-301F-11D3-BF4B-00C04F79EFBC}") = "IST_Pro_1", "IST_Pro_1\IST_Pro_1.csproj", "{17B90265-6ED6-45EF-A8F6-67E0B8710138}"
EndProject
Global
	GlobalSection(SolutionConfigurationPlatforms) = preSolution
		Debug|Any CPU = Debug|Any CPU
		Release|Any CPU = Release|Any CPU
	EndGlobalSection
	GlobalSection(ProjectConfigurationPlatforms) = postSolution
		{17B90265-6ED6-45EF-A8F6-67E0B8710138}.Debug|Any CPU.ActiveCfg = Debug|Any CPU
		{17B90265-6ED6-45EF-A8F6-67E0B8710138}.Debug|Any CPU.Build.0 = Debug|Any CPU
		{17B90265-6ED6-45EF-A8F6-67E0B8710138}.Release|Any CPU.ActiveCfg = Release|Any CPU
		{17B90265-6ED6-45EF-A8F6-67E0B8710138}.Release|Any CPU.Build.0 = Release|Any CPU
	EndGlobalSection
	GlobalSection(SolutionProperties) = preSolution
		HideSolutionNode = FALSE
	EndGlobalSection
EndGlobal
